{
  "name": "fleetcontrol-management",
  "version": "1.0.0",
  "lockfileVersion": 3,
  "requires": true,
  "packages": {
    "": {
      "name": "fleetcontrol-management",
      "version": "1.0.0",
      "license": "ISC",
      "workspaces": [
        "apps/*",
        "libs/*"
      ],
      "dependencies": {
        "fleetcontrol-management": "file:"
      }
    },
    "node_modules/fleetcontrol-management": {
      "resolved": "",
      "link": true
    }
  }
}
